
Microsoft Visual Studio Solution File, Format Version 10.00
# Visual C# Express 2008
Project("{FAE04EC0-301F-11D3-BF4B-00C04F79EFBC}") = "PCControlMode", "PCControlMode\PCControlMode.csproj", "{DD6C2175-5C03-4589-B867-8432CF17B58E}"
EndProject
Project("{FAE04EC0-301F-11D3-BF4B-00C04F79EFBC}") = "RBC", "RobobuilderLib\RBC.csproj", "{2073C55A-E147-4A4B-893C-18ED07FD2B61}"
EndProject
Project("{FAE04EC0-301F-11D3-BF4B-00C04F79EFBC}") = "SpeechLib", "SpeechLib\SpeechLib.csproj", "{A1CC6095-EBC7-439B-97DD-DB0D8934D2BE}"
EndProject
Project("{FAE04EC0-301F-11D3-BF4B-00C04F79EFBC}") = "VideoLib", "VideoLib\VideoLib.csproj", "{E11B215A-B421-4F28-A432-E6B42A2F4095}"
EndProject
Global
	GlobalSection(SolutionConfigurationPlatforms) = preSolution
		Debug|Any CPU = Debug|Any CPU
		Release|Any CPU = Release|Any CPU
	EndGlobalSection
	GlobalSection(ProjectConfigurationPlatforms) = postSolution
		{DD6C2175-5C03-4589-B867-8432CF17B58E}.Debug|Any CPU.ActiveCfg = Debug|Any CPU
		{DD6C2175-5C03-4589-B867-8432CF17B58E}.Debug|Any CPU.Build.0 = Debug|Any CPU
		{DD6C2175-5C03-4589-B867-8432CF17B58E}.Release|Any CPU.ActiveCfg = Release|Any CPU
		{DD6C2175-5C03-4589-B867-8432CF17B58E}.Release|Any CPU.Build.0 = Release|Any CPU
		{2073C55A-E147-4A4B-893C-18ED07FD2B61}.Debug|Any CPU.ActiveCfg = Debug|Any CPU
		{2073C55A-E147-4A4B-893C-18ED07FD2B61}.Debug|Any CPU.Build.0 = Debug|Any CPU
		{2073C55A-E147-4A4B-893C-18ED07FD2B61}.Release|Any CPU.ActiveCfg = Release|Any CPU
		{2073C55A-E147-4A4B-893C-18ED07FD2B61}.Release|Any CPU.Build.0 = Release|Any CPU
		{A1CC6095-EBC7-439B-97DD-DB0D8934D2BE}.Debug|Any CPU.ActiveCfg = Debug|Any CPU
		{A1CC6095-EBC7-439B-97DD-DB0D8934D2BE}.Debug|Any CPU.Build.0 = Debug|Any CPU
		{A1CC6095-EBC7-439B-97DD-DB0D8934D2BE}.Release|Any CPU.ActiveCfg = Release|Any CPU
		{A1CC6095-EBC7-439B-97DD-DB0D8934D2BE}.Release|Any CPU.Build.0 = Release|Any CPU
		{E11B215A-B421-4F28-A432-E6B42A2F4095}.Debug|Any CPU.ActiveCfg = Debug|Any CPU
		{E11B215A-B421-4F28-A432-E6B42A2F4095}.Debug|Any CPU.Build.0 = Debug|Any CPU
		{E11B215A-B421-4F28-A432-E6B42A2F4095}.Release|Any CPU.ActiveCfg = Release|Any CPU
		{E11B215A-B421-4F28-A432-E6B42A2F4095}.Release|Any CPU.Build.0 = Release|Any CPU
	EndGlobalSection
	GlobalSection(SolutionProperties) = preSolution
		HideSolutionNode = FALSE
	EndGlobalSection
EndGlobal
